
Microsoft Visual Studio Solution File, Format Version 12.00
# Visual Studio Version 17
VisualStudioVersion = 17.0.31903.59
MinimumVisualStudioVersion = 10.0.40219.1
Project("{2150E333-8FDC-42A3-9474-1A3956D46DE8}") = "src", "src", "{90E4A473-B8BF-447D-BA65-17468C1AEC78}"
EndProject
Project("{2150E333-8FDC-42A3-9474-1A3956D46DE8}") = "test", "test", "{018DC926-F61D-421E-BE58-9D100499F6A3}"
EndProject
Project("{2150E333-8FDC-42A3-9474-1A3956D46DE8}") = "Solution", "Solution", "{02390506-3300-4606-9390-1C7232F6A49A}"
	ProjectSection(SolutionItems) = preProject
		.editorconfig = .editorconfig
		Directory.Packages.props = Directory.Packages.props
		.gitignore = .gitignore
	EndProjectSection
EndProject
Project("{FAE04EC0-301F-11D3-BF4B-00C04F79EFBC}") = "AKS.Presentation", "src\AKS.Presentation\AKS.Presentation.csproj", "{29FD1E96-5470-4B02-94B8-05BA15823169}"
EndProject
Project("{FAE04EC0-301F-11D3-BF4B-00C04F79EFBC}") = "AKS.Application", "src\AKS.Application\AKS.Application.csproj", "{71BF7F57-3A6A-4682-8FF9-251A12AEC17B}"
EndProject
Project("{FAE04EC0-301F-11D3-BF4B-00C04F79EFBC}") = "AKS.Domain", "src\AKS.Domain\AKS.Domain.csproj", "{4108AF5A-5453-41A4-94A2-DB7600BCD680}"
EndProject
Project("{FAE04EC0-301F-11D3-BF4B-00C04F79EFBC}") = "AKS.Infrastructure", "src\AKS.Infrastructure\AKS.Infrastructure.csproj", "{E17A85DF-F8C8-40ED-9410-62327AEEFDC6}"
EndProject
Project("{2150E333-8FDC-42A3-9474-1A3956D46DE8}") = "aspire", "aspire", "{E49BA81A-008D-4BCD-ABC2-EAB8EBE3C5A7}"
EndProject
Project("{FAE04EC0-301F-11D3-BF4B-00C04F79EFBC}") = "AKS.ServiceDefaults", "src\AKS.ServiceDefaults\AKS.ServiceDefaults.csproj", "{C19E73E9-DC2E-4488-A4D1-B9020C5A64BC}"
EndProject
Project("{FAE04EC0-301F-11D3-BF4B-00C04F79EFBC}") = "AKS.DbManager", "src\AKS.DbManager\AKS.DbManager.csproj", "{7D9F4251-0F33-4168-A9C2-DEAF5F7D247B}"
EndProject
Project("{FAE04EC0-301F-11D3-BF4B-00C04F79EFBC}") = "AKS.AppHost", "src\AKS.AppHost\AKS.AppHost.csproj", "{6542A5E9-3D06-4D95-9C16-1581A2422C59}"
EndProject
Project("{2150E333-8FDC-42A3-9474-1A3956D46DE8}") = "shared", "shared", "{358D15B2-9721-45AB-A32A-54CDA331C4CE}"
EndProject
Project("{FAE04EC0-301F-11D3-BF4B-00C04F79EFBC}") = "AKS.MessagingContracts", "shared\AKS.MessagingContracts\AKS.MessagingContracts.csproj", "{28CC72A1-FCCD-49C8-B3F8-70619DD7E55A}"
EndProject
Project("{2150E333-8FDC-42A3-9474-1A3956D46DE8}") = "processes", "processes", "{B1BE3A83-2EDF-437A-A1FD-ACEB1898E8B0}"
EndProject
Project("{FAE04EC0-301F-11D3-BF4B-00C04F79EFBC}") = "PS.Application", "processes\PS.Application\PS.Application.csproj", "{6D3A9D12-9D84-4AF0-8B93-8DEAAC296CB2}"
EndProject
Project("{FAE04EC0-301F-11D3-BF4B-00C04F79EFBC}") = "PS.Presentation", "processes\PS.Presentation\PS.Presentation.csproj", "{AFA3D72A-11C7-49BC-AA3C-31F014659EC0}"
EndProject
Project("{FAE04EC0-301F-11D3-BF4B-00C04F79EFBC}") = "PS.Domain", "processes\PS.Domain\PS.Domain.csproj", "{AFB8B9F8-C9CC-42B5-B201-6D96281A83C4}"
EndProject
Project("{FAE04EC0-301F-11D3-BF4B-00C04F79EFBC}") = "PS.Infrastructure", "processes\PS.Infrastructure\PS.Infrastructure.csproj", "{B948978C-BAE5-4ED1-B10A-BD80B6C7818F}"
EndProject
Global
	GlobalSection(SolutionConfigurationPlatforms) = preSolution
		Debug|Any CPU = Debug|Any CPU
		Release|Any CPU = Release|Any CPU
	EndGlobalSection
	GlobalSection(ProjectConfigurationPlatforms) = postSolution
		{29FD1E96-5470-4B02-94B8-05BA15823169}.Debug|Any CPU.ActiveCfg = Debug|Any CPU
		{29FD1E96-5470-4B02-94B8-05BA15823169}.Debug|Any CPU.Build.0 = Debug|Any CPU
		{29FD1E96-5470-4B02-94B8-05BA15823169}.Release|Any CPU.ActiveCfg = Release|Any CPU
		{29FD1E96-5470-4B02-94B8-05BA15823169}.Release|Any CPU.Build.0 = Release|Any CPU
		{71BF7F57-3A6A-4682-8FF9-251A12AEC17B}.Debug|Any CPU.ActiveCfg = Debug|Any CPU
		{71BF7F57-3A6A-4682-8FF9-251A12AEC17B}.Debug|Any CPU.Build.0 = Debug|Any CPU
		{71BF7F57-3A6A-4682-8FF9-251A12AEC17B}.Release|Any CPU.ActiveCfg = Release|Any CPU
		{71BF7F57-3A6A-4682-8FF9-251A12AEC17B}.Release|Any CPU.Build.0 = Release|Any CPU
		{4108AF5A-5453-41A4-94A2-DB7600BCD680}.Debug|Any CPU.ActiveCfg = Debug|Any CPU
		{4108AF5A-5453-41A4-94A2-DB7600BCD680}.Debug|Any CPU.Build.0 = Debug|Any CPU
		{4108AF5A-5453-41A4-94A2-DB7600BCD680}.Release|Any CPU.ActiveCfg = Release|Any CPU
		{4108AF5A-5453-41A4-94A2-DB7600BCD680}.Release|Any CPU.Build.0 = Release|Any CPU
		{E17A85DF-F8C8-40ED-9410-62327AEEFDC6}.Debug|Any CPU.ActiveCfg = Debug|Any CPU
		{E17A85DF-F8C8-40ED-9410-62327AEEFDC6}.Debug|Any CPU.Build.0 = Debug|Any CPU
		{E17A85DF-F8C8-40ED-9410-62327AEEFDC6}.Release|Any CPU.ActiveCfg = Release|Any CPU
		{E17A85DF-F8C8-40ED-9410-62327AEEFDC6}.Release|Any CPU.Build.0 = Release|Any CPU
		{C19E73E9-DC2E-4488-A4D1-B9020C5A64BC}.Debug|Any CPU.ActiveCfg = Debug|Any CPU
		{C19E73E9-DC2E-4488-A4D1-B9020C5A64BC}.Debug|Any CPU.Build.0 = Debug|Any CPU
		{C19E73E9-DC2E-4488-A4D1-B9020C5A64BC}.Release|Any CPU.ActiveCfg = Release|Any CPU
		{C19E73E9-DC2E-4488-A4D1-B9020C5A64BC}.Release|Any CPU.Build.0 = Release|Any CPU
		{7D9F4251-0F33-4168-A9C2-DEAF5F7D247B}.Debug|Any CPU.ActiveCfg = Debug|Any CPU
		{7D9F4251-0F33-4168-A9C2-DEAF5F7D247B}.Debug|Any CPU.Build.0 = Debug|Any CPU
		{7D9F4251-0F33-4168-A9C2-DEAF5F7D247B}.Release|Any CPU.ActiveCfg = Release|Any CPU
		{7D9F4251-0F33-4168-A9C2-DEAF5F7D247B}.Release|Any CPU.Build.0 = Release|Any CPU
		{6542A5E9-3D06-4D95-9C16-1581A2422C59}.Debug|Any CPU.ActiveCfg = Debug|Any CPU
		{6542A5E9-3D06-4D95-9C16-1581A2422C59}.Debug|Any CPU.Build.0 = Debug|Any CPU
		{6542A5E9-3D06-4D95-9C16-1581A2422C59}.Release|Any CPU.ActiveCfg = Release|Any CPU
		{6542A5E9-3D06-4D95-9C16-1581A2422C59}.Release|Any CPU.Build.0 = Release|Any CPU
		{28CC72A1-FCCD-49C8-B3F8-70619DD7E55A}.Debug|Any CPU.ActiveCfg = Debug|Any CPU
		{28CC72A1-FCCD-49C8-B3F8-70619DD7E55A}.Debug|Any CPU.Build.0 = Debug|Any CPU
		{28CC72A1-FCCD-49C8-B3F8-70619DD7E55A}.Release|Any CPU.ActiveCfg = Release|Any CPU
		{28CC72A1-FCCD-49C8-B3F8-70619DD7E55A}.Release|Any CPU.Build.0 = Release|Any CPU
		{6D3A9D12-9D84-4AF0-8B93-8DEAAC296CB2}.Debug|Any CPU.ActiveCfg = Debug|Any CPU
		{6D3A9D12-9D84-4AF0-8B93-8DEAAC296CB2}.Debug|Any CPU.Build.0 = Debug|Any CPU
		{6D3A9D12-9D84-4AF0-8B93-8DEAAC296CB2}.Release|Any CPU.ActiveCfg = Release|Any CPU
		{6D3A9D12-9D84-4AF0-8B93-8DEAAC296CB2}.Release|Any CPU.Build.0 = Release|Any CPU
		{AFA3D72A-11C7-49BC-AA3C-31F014659EC0}.Debug|Any CPU.ActiveCfg = Debug|Any CPU
		{AFA3D72A-11C7-49BC-AA3C-31F014659EC0}.Debug|Any CPU.Build.0 = Debug|Any CPU
		{AFA3D72A-11C7-49BC-AA3C-31F014659EC0}.Release|Any CPU.ActiveCfg = Release|Any CPU
		{AFA3D72A-11C7-49BC-AA3C-31F014659EC0}.Release|Any CPU.Build.0 = Release|Any CPU
		{AFB8B9F8-C9CC-42B5-B201-6D96281A83C4}.Debug|Any CPU.ActiveCfg = Debug|Any CPU
		{AFB8B9F8-C9CC-42B5-B201-6D96281A83C4}.Debug|Any CPU.Build.0 = Debug|Any CPU
		{AFB8B9F8-C9CC-42B5-B201-6D96281A83C4}.Release|Any CPU.ActiveCfg = Release|Any CPU
		{AFB8B9F8-C9CC-42B5-B201-6D96281A83C4}.Release|Any CPU.Build.0 = Release|Any CPU
		{B948978C-BAE5-4ED1-B10A-BD80B6C7818F}.Debug|Any CPU.ActiveCfg = Debug|Any CPU
		{B948978C-BAE5-4ED1-B10A-BD80B6C7818F}.Debug|Any CPU.Build.0 = Debug|Any CPU
		{B948978C-BAE5-4ED1-B10A-BD80B6C7818F}.Release|Any CPU.ActiveCfg = Release|Any CPU
		{B948978C-BAE5-4ED1-B10A-BD80B6C7818F}.Release|Any CPU.Build.0 = Release|Any CPU
	EndGlobalSection
	GlobalSection(SolutionProperties) = preSolution
		HideSolutionNode = FALSE
	EndGlobalSection
	GlobalSection(NestedProjects) = preSolution
		{29FD1E96-5470-4B02-94B8-05BA15823169} = {90E4A473-B8BF-447D-BA65-17468C1AEC78}
		{71BF7F57-3A6A-4682-8FF9-251A12AEC17B} = {90E4A473-B8BF-447D-BA65-17468C1AEC78}
		{4108AF5A-5453-41A4-94A2-DB7600BCD680} = {90E4A473-B8BF-447D-BA65-17468C1AEC78}
		{E17A85DF-F8C8-40ED-9410-62327AEEFDC6} = {90E4A473-B8BF-447D-BA65-17468C1AEC78}
		{C19E73E9-DC2E-4488-A4D1-B9020C5A64BC} = {E49BA81A-008D-4BCD-ABC2-EAB8EBE3C5A7}
		{7D9F4251-0F33-4168-A9C2-DEAF5F7D247B} = {E49BA81A-008D-4BCD-ABC2-EAB8EBE3C5A7}
		{6542A5E9-3D06-4D95-9C16-1581A2422C59} = {E49BA81A-008D-4BCD-ABC2-EAB8EBE3C5A7}
		{28CC72A1-FCCD-49C8-B3F8-70619DD7E55A} = {358D15B2-9721-45AB-A32A-54CDA331C4CE}
		{6D3A9D12-9D84-4AF0-8B93-8DEAAC296CB2} = {B1BE3A83-2EDF-437A-A1FD-ACEB1898E8B0}
		{AFA3D72A-11C7-49BC-AA3C-31F014659EC0} = {B1BE3A83-2EDF-437A-A1FD-ACEB1898E8B0}
		{AFB8B9F8-C9CC-42B5-B201-6D96281A83C4} = {B1BE3A83-2EDF-437A-A1FD-ACEB1898E8B0}
		{B948978C-BAE5-4ED1-B10A-BD80B6C7818F} = {B1BE3A83-2EDF-437A-A1FD-ACEB1898E8B0}
	EndGlobalSection
EndGlobal
